
Microsoft Visual Studio Solution File, Format Version 12.00
# Visual Studio 15
VisualStudioVersion = 15.0.28010.2016
MinimumVisualStudioVersion = 10.0.40219.1
Project("{FAE04EC0-301F-11D3-BF4B-00C04F79EFBC}") = "homework 042919 ImageLikesEF", "homework 042919 ImageLikesEF\homework 042919 ImageLikesEF.csproj", "{0BA87793-A632-46C9-A9D9-CC68C7DE089A}"
EndProject
Global
	GlobalSection(SolutionConfigurationPlatforms) = preSolution
		Debug|Any CPU = Debug|Any CPU
		Release|Any CPU = Release|Any CPU
	EndGlobalSection
	GlobalSection(ProjectConfigurationPlatforms) = postSolution
		{0BA87793-A632-46C9-A9D9-CC68C7DE089A}.Debug|Any CPU.ActiveCfg = Debug|Any CPU
		{0BA87793-A632-46C9-A9D9-CC68C7DE089A}.Debug|Any CPU.Build.0 = Debug|Any CPU
		{0BA87793-A632-46C9-A9D9-CC68C7DE089A}.Release|Any CPU.ActiveCfg = Release|Any CPU
		{0BA87793-A632-46C9-A9D9-CC68C7DE089A}.Release|Any CPU.Build.0 = Release|Any CPU
	EndGlobalSection
	GlobalSection(SolutionProperties) = preSolution
		HideSolutionNode = FALSE
	EndGlobalSection
	GlobalSection(ExtensibilityGlobals) = postSolution
		SolutionGuid = {DE9ED6AE-F4E4-4445-A3E0-252F4DFA01CE}
	EndGlobalSection
EndGlobal
